<?xml version="1.0" encoding="UTF-8"?>
<CONFIG>
  <ProjectOptions>
    <Version Value="10"/>
    <General>
      <SessionStorage Value="InProjectDir"/>
      <MainUnit Value="0"/>
      <Title Value="guiplayer"/>
      <UseAppBundle Value="False"/>
      <ResourceType Value="res"/>
    </General>
    <BuildModes Count="2">
      <Item1 Name="Default" Default="True"/>
      <Item2 Name="Win64">
        <CompilerOptions>
          <Version Value="11"/>
          <Target>
            <Filename Value="guiplayer"/>
          </Target>
          <SearchPaths>
            <IncludeFiles Value="$(ProjOutDir)"/>
            <UnitOutputDirectory Value="units"/>
          </SearchPaths>
          <CodeGeneration>
            <TargetCPU Value="x86_64"/>
            <TargetOS Value="win64"/>
          </CodeGeneration>
        </CompilerOptions>
      </Item2>
    </BuildModes>
    <PublishOptions>
      <Version Value="2"/>
    </PublishOptions>
    <RunParams>
      <local>
        <FormatVersion Value="1"/>
      </local>
    </RunParams>
    <RequiredPackages Count="2">
      <Item1>
        <PackageName Value="PascalAudioSuite"/>
      </Item1>
      <Item2>
        <PackageName Value="fpgui_toolkit"/>
      </Item2>
    </RequiredPackages>
    <Units Count="2">
      <Unit0>
        <Filename Value="guiplayer.lpr"/>
        <IsPartOfProject Value="True"/>
      </Unit0>
      <Unit1>
        <Filename Value="main_frm.pas"/>
        <IsPartOfProject Value="True"/>
      </Unit1>
    </Units>
  </ProjectOptions>
  <CompilerOptions>
    <Version Value="11"/>
    <Target>
      <Filename Value="guiplayer"/>
    </Target>
    <SearchPaths>
      <IncludeFiles Value="$(ProjOutDir)"/>
      <UnitOutputDirectory Value="units"/>
    </SearchPaths>
  </CompilerOptions>
  <Debugging>
    <Exceptions Count="4">
      <Item1>
        <Name Value="EAbort"/>
      </Item1>
      <Item2>
        <Name Value="ECodetoolError"/>
      </Item2>
      <Item3>
        <Name Value="EFOpenError"/>
      </Item3>
      <Item4>
        <Name Value="EGroupLookupError"/>
      </Item4>
    </Exceptions>
  </Debugging>
</CONFIG>
